
Microsoft Visual Studio Solution File, Format Version 12.00
# Visual Studio Version 17
VisualStudioVersion = 17.8.34330.188
MinimumVisualStudioVersion = 10.0.40219.1
Project("{8BC9CEB8-8B4A-11D0-8D11-00A0C91BC942}") = "Engine", "Engine\Engine.vcxproj", "{05D9E6E2-630D-4F81-BCE1-E101BA11A293}"
EndProject
Global
	GlobalSection(SolutionConfigurationPlatforms) = preSolution
		Debug|x64 = Debug|x64
		Debug|x86 = Debug|x86
		Release|x64 = Release|x64
		Release|x86 = Release|x86
	EndGlobalSection
	GlobalSection(ProjectConfigurationPlatforms) = postSolution
		{05D9E6E2-630D-4F81-BCE1-E101BA11A293}.Debug|x64.ActiveCfg = Debug|x64
		{05D9E6E2-630D-4F81-BCE1-E101BA11A293}.Debug|x64.Build.0 = Debug|x64
		{05D9E6E2-630D-4F81-BCE1-E101BA11A293}.Debug|x86.ActiveCfg = Debug|Win32
		{05D9E6E2-630D-4F81-BCE1-E101BA11A293}.Debug|x86.Build.0 = Debug|Win32
		{05D9E6E2-630D-4F81-BCE1-E101BA11A293}.Release|x64.ActiveCfg = Release|x64
		{05D9E6E2-630D-4F81-BCE1-E101BA11A293}.Release|x64.Build.0 = Release|x64
		{05D9E6E2-630D-4F81-BCE1-E101BA11A293}.Release|x86.ActiveCfg = Release|Win32
		{05D9E6E2-630D-4F81-BCE1-E101BA11A293}.Release|x86.Build.0 = Release|Win32
	EndGlobalSection
	GlobalSection(SolutionProperties) = preSolution
		HideSolutionNode = FALSE
	EndGlobalSection
	GlobalSection(ExtensibilityGlobals) = postSolution
		SolutionGuid = {9582CB77-CA98-4DAB-BB24-4C42D8C73E92}
	EndGlobalSection
EndGlobal
